
Microsoft Visual Studio Solution File, Format Version 12.00
Project("{FAE04EC0-301F-11D3-BF4B-00C04F79EFBC}") = "DuckType.Core", "DuckType.Core\DuckType.Core.csproj", "{7C94D017-ABB9-4D83-A2A3-EB3B0F051A6B}"
EndProject
Project("{2150E333-8FDC-42A3-9474-1A3956D46DE8}") = "0 SolutionItems", "0 SolutionItems", "{F9CFF584-921E-4EE4-9DEB-47685A20D2CC}"
ProjectSection(SolutionItems) = preProject
	.gitignore = .gitignore
	.github\workflows\dotnet-core.yml = .github\workflows\dotnet-core.yml
EndProjectSection
EndProject
Project("{2150E333-8FDC-42A3-9474-1A3956D46DE8}") = "1 Core", "1 Core", "{565A4D26-46AB-4D57-8190-9422239A775F}"
EndProject
Project("{2150E333-8FDC-42A3-9474-1A3956D46DE8}") = "3 Adaptors", "3 Adaptors", "{E1AC827A-6112-4DE5-A94F-26A6E3887089}"
EndProject
Project("{2150E333-8FDC-42A3-9474-1A3956D46DE8}") = "Autofac", "Autofac", "{7308E5BE-5047-4B37-9230-17FB47EA6154}"
EndProject
Project("{FAE04EC0-301F-11D3-BF4B-00C04F79EFBC}") = "DuckType.Internals", "DuckType.Internals\DuckType.Internals.csproj", "{B8B34F53-D108-476D-ADF9-635A78A2F5B9}"
EndProject
Project("{FAE04EC0-301F-11D3-BF4B-00C04F79EFBC}") = "ConsoleApp.HelloWorld.Autofac", "ConsoleApp.HelloWorld.Autofac\ConsoleApp.HelloWorld.Autofac.csproj", "{A0814DF2-B4E5-40D6-9027-F73C14B51F4E}"
EndProject
Project("{FAE04EC0-301F-11D3-BF4B-00C04F79EFBC}") = "DuckType.Adaptors.Autofac", "DuckType.Adaptors.Autofac\DuckType.Adaptors.Autofac.csproj", "{64353F83-EAAB-4638-B84C-1DC96E803AB4}"
EndProject
Project("{FAE04EC0-301F-11D3-BF4B-00C04F79EFBC}") = "DuckType.TestUtils", "DuckType.TestUtils\DuckType.TestUtils.csproj", "{22819AD2-4D54-4249-8AA6-3E865AB9D793}"
EndProject
Project("{FAE04EC0-301F-11D3-BF4B-00C04F79EFBC}") = "DuckType.Core.Tests", "DuckType.Core.Tests\DuckType.Core.Tests.csproj", "{8160A25A-C1E7-4AF9-9CDD-F59781E53FE1}"
EndProject
Project("{2150E333-8FDC-42A3-9474-1A3956D46DE8}") = "4 Reference Implementations", "4 Reference Implementations", "{F824B84F-FC33-4588-86CC-ED4C7FC0F642}"
EndProject
Project("{2150E333-8FDC-42A3-9474-1A3956D46DE8}") = "FluentValidation", "FluentValidation", "{EABA09CE-9D7F-44D1-96F3-DBD7D879B4D5}"
EndProject
Project("{FAE04EC0-301F-11D3-BF4B-00C04F79EFBC}") = "DuckType.Adaptors.FluentValidation", "DuckType.Adaptors.FluentValidation\DuckType.Adaptors.FluentValidation.csproj", "{5EB80992-9CF5-48E8-8AE2-26565B7E11D1}"
EndProject
Project("{FAE04EC0-301F-11D3-BF4B-00C04F79EFBC}") = "ConsoleApp.HelloWorld.Native", "ConsoleApp.HelloWorld.Native\ConsoleApp.HelloWorld.Native.csproj", "{8A3FEC8F-4A67-4A87-AC16-9D379172A1F7}"
EndProject
Project("{FAE04EC0-301F-11D3-BF4B-00C04F79EFBC}") = "ConsoleApp.Lib", "ConsoleApp.Lib\ConsoleApp.Lib.csproj", "{00E170D6-555C-4F2F-87C0-0B62E499E4DF}"
EndProject
Project("{FAE04EC0-301F-11D3-BF4B-00C04F79EFBC}") = "DuckType.Extensions", "DuckType.Extensions\DuckType.Extensions.csproj", "{D9E79517-874C-4696-B794-0026A54468EC}"
EndProject
Project("{2150E333-8FDC-42A3-9474-1A3956D46DE8}") = "2 Extensions", "2 Extensions", "{4FD97FF7-DC91-4969-A715-8B09C5FB4A18}"
EndProject
Project("{FAE04EC0-301F-11D3-BF4B-00C04F79EFBC}") = "DuckType", "DuckType\DuckType.csproj", "{5BF9A723-129B-49FF-A083-9AF6B9E73AD4}"
EndProject
Project("{FAE04EC0-301F-11D3-BF4B-00C04F79EFBC}") = "DuckType.Tests", "DuckType.Tests\DuckType.Tests.csproj", "{CA676974-982A-44EA-8487-05CF3DFFEE6E}"
EndProject
Global
	GlobalSection(SolutionConfigurationPlatforms) = preSolution
		Debug|Any CPU = Debug|Any CPU
		Release|Any CPU = Release|Any CPU
	EndGlobalSection
	GlobalSection(ProjectConfigurationPlatforms) = postSolution
		{7C94D017-ABB9-4D83-A2A3-EB3B0F051A6B}.Debug|Any CPU.ActiveCfg = Debug|Any CPU
		{7C94D017-ABB9-4D83-A2A3-EB3B0F051A6B}.Debug|Any CPU.Build.0 = Debug|Any CPU
		{7C94D017-ABB9-4D83-A2A3-EB3B0F051A6B}.Release|Any CPU.ActiveCfg = Release|Any CPU
		{7C94D017-ABB9-4D83-A2A3-EB3B0F051A6B}.Release|Any CPU.Build.0 = Release|Any CPU
		{B8B34F53-D108-476D-ADF9-635A78A2F5B9}.Debug|Any CPU.ActiveCfg = Debug|Any CPU
		{B8B34F53-D108-476D-ADF9-635A78A2F5B9}.Debug|Any CPU.Build.0 = Debug|Any CPU
		{B8B34F53-D108-476D-ADF9-635A78A2F5B9}.Release|Any CPU.ActiveCfg = Release|Any CPU
		{B8B34F53-D108-476D-ADF9-635A78A2F5B9}.Release|Any CPU.Build.0 = Release|Any CPU
		{A0814DF2-B4E5-40D6-9027-F73C14B51F4E}.Debug|Any CPU.ActiveCfg = Debug|Any CPU
		{A0814DF2-B4E5-40D6-9027-F73C14B51F4E}.Debug|Any CPU.Build.0 = Debug|Any CPU
		{A0814DF2-B4E5-40D6-9027-F73C14B51F4E}.Release|Any CPU.ActiveCfg = Release|Any CPU
		{A0814DF2-B4E5-40D6-9027-F73C14B51F4E}.Release|Any CPU.Build.0 = Release|Any CPU
		{64353F83-EAAB-4638-B84C-1DC96E803AB4}.Debug|Any CPU.ActiveCfg = Debug|Any CPU
		{64353F83-EAAB-4638-B84C-1DC96E803AB4}.Debug|Any CPU.Build.0 = Debug|Any CPU
		{64353F83-EAAB-4638-B84C-1DC96E803AB4}.Release|Any CPU.ActiveCfg = Release|Any CPU
		{64353F83-EAAB-4638-B84C-1DC96E803AB4}.Release|Any CPU.Build.0 = Release|Any CPU
		{22819AD2-4D54-4249-8AA6-3E865AB9D793}.Debug|Any CPU.ActiveCfg = Debug|Any CPU
		{22819AD2-4D54-4249-8AA6-3E865AB9D793}.Debug|Any CPU.Build.0 = Debug|Any CPU
		{22819AD2-4D54-4249-8AA6-3E865AB9D793}.Release|Any CPU.ActiveCfg = Release|Any CPU
		{22819AD2-4D54-4249-8AA6-3E865AB9D793}.Release|Any CPU.Build.0 = Release|Any CPU
		{8160A25A-C1E7-4AF9-9CDD-F59781E53FE1}.Debug|Any CPU.ActiveCfg = Debug|Any CPU
		{8160A25A-C1E7-4AF9-9CDD-F59781E53FE1}.Debug|Any CPU.Build.0 = Debug|Any CPU
		{8160A25A-C1E7-4AF9-9CDD-F59781E53FE1}.Release|Any CPU.ActiveCfg = Release|Any CPU
		{8160A25A-C1E7-4AF9-9CDD-F59781E53FE1}.Release|Any CPU.Build.0 = Release|Any CPU
		{5EB80992-9CF5-48E8-8AE2-26565B7E11D1}.Debug|Any CPU.ActiveCfg = Debug|Any CPU
		{5EB80992-9CF5-48E8-8AE2-26565B7E11D1}.Debug|Any CPU.Build.0 = Debug|Any CPU
		{5EB80992-9CF5-48E8-8AE2-26565B7E11D1}.Release|Any CPU.ActiveCfg = Release|Any CPU
		{5EB80992-9CF5-48E8-8AE2-26565B7E11D1}.Release|Any CPU.Build.0 = Release|Any CPU
		{8A3FEC8F-4A67-4A87-AC16-9D379172A1F7}.Debug|Any CPU.ActiveCfg = Debug|Any CPU
		{8A3FEC8F-4A67-4A87-AC16-9D379172A1F7}.Debug|Any CPU.Build.0 = Debug|Any CPU
		{8A3FEC8F-4A67-4A87-AC16-9D379172A1F7}.Release|Any CPU.ActiveCfg = Release|Any CPU
		{8A3FEC8F-4A67-4A87-AC16-9D379172A1F7}.Release|Any CPU.Build.0 = Release|Any CPU
		{00E170D6-555C-4F2F-87C0-0B62E499E4DF}.Debug|Any CPU.ActiveCfg = Debug|Any CPU
		{00E170D6-555C-4F2F-87C0-0B62E499E4DF}.Debug|Any CPU.Build.0 = Debug|Any CPU
		{00E170D6-555C-4F2F-87C0-0B62E499E4DF}.Release|Any CPU.ActiveCfg = Release|Any CPU
		{00E170D6-555C-4F2F-87C0-0B62E499E4DF}.Release|Any CPU.Build.0 = Release|Any CPU
		{D9E79517-874C-4696-B794-0026A54468EC}.Debug|Any CPU.ActiveCfg = Debug|Any CPU
		{D9E79517-874C-4696-B794-0026A54468EC}.Debug|Any CPU.Build.0 = Debug|Any CPU
		{D9E79517-874C-4696-B794-0026A54468EC}.Release|Any CPU.ActiveCfg = Release|Any CPU
		{D9E79517-874C-4696-B794-0026A54468EC}.Release|Any CPU.Build.0 = Release|Any CPU
		{5BF9A723-129B-49FF-A083-9AF6B9E73AD4}.Debug|Any CPU.ActiveCfg = Debug|Any CPU
		{5BF9A723-129B-49FF-A083-9AF6B9E73AD4}.Debug|Any CPU.Build.0 = Debug|Any CPU
		{5BF9A723-129B-49FF-A083-9AF6B9E73AD4}.Release|Any CPU.ActiveCfg = Release|Any CPU
		{5BF9A723-129B-49FF-A083-9AF6B9E73AD4}.Release|Any CPU.Build.0 = Release|Any CPU
		{CA676974-982A-44EA-8487-05CF3DFFEE6E}.Debug|Any CPU.ActiveCfg = Debug|Any CPU
		{CA676974-982A-44EA-8487-05CF3DFFEE6E}.Debug|Any CPU.Build.0 = Debug|Any CPU
		{CA676974-982A-44EA-8487-05CF3DFFEE6E}.Release|Any CPU.ActiveCfg = Release|Any CPU
		{CA676974-982A-44EA-8487-05CF3DFFEE6E}.Release|Any CPU.Build.0 = Release|Any CPU
	EndGlobalSection
	GlobalSection(NestedProjects) = preSolution
		{7C94D017-ABB9-4D83-A2A3-EB3B0F051A6B} = {565A4D26-46AB-4D57-8190-9422239A775F}
		{7308E5BE-5047-4B37-9230-17FB47EA6154} = {E1AC827A-6112-4DE5-A94F-26A6E3887089}
		{B8B34F53-D108-476D-ADF9-635A78A2F5B9} = {565A4D26-46AB-4D57-8190-9422239A775F}
		{64353F83-EAAB-4638-B84C-1DC96E803AB4} = {7308E5BE-5047-4B37-9230-17FB47EA6154}
		{22819AD2-4D54-4249-8AA6-3E865AB9D793} = {565A4D26-46AB-4D57-8190-9422239A775F}
		{8160A25A-C1E7-4AF9-9CDD-F59781E53FE1} = {565A4D26-46AB-4D57-8190-9422239A775F}
		{EABA09CE-9D7F-44D1-96F3-DBD7D879B4D5} = {E1AC827A-6112-4DE5-A94F-26A6E3887089}
		{5EB80992-9CF5-48E8-8AE2-26565B7E11D1} = {EABA09CE-9D7F-44D1-96F3-DBD7D879B4D5}
		{D9E79517-874C-4696-B794-0026A54468EC} = {4FD97FF7-DC91-4969-A715-8B09C5FB4A18}
		{A0814DF2-B4E5-40D6-9027-F73C14B51F4E} = {F824B84F-FC33-4588-86CC-ED4C7FC0F642}
		{8A3FEC8F-4A67-4A87-AC16-9D379172A1F7} = {F824B84F-FC33-4588-86CC-ED4C7FC0F642}
		{00E170D6-555C-4F2F-87C0-0B62E499E4DF} = {F824B84F-FC33-4588-86CC-ED4C7FC0F642}
		{5BF9A723-129B-49FF-A083-9AF6B9E73AD4} = {565A4D26-46AB-4D57-8190-9422239A775F}
		{CA676974-982A-44EA-8487-05CF3DFFEE6E} = {565A4D26-46AB-4D57-8190-9422239A775F}
	EndGlobalSection
EndGlobal
