
Microsoft Visual Studio Solution File, Format Version 12.00
Project("{FAE04EC0-301F-11D3-BF4B-00C04F79EFBC}") = "SovitexLib.Core", "SovitexLib.Core\SovitexLib.Core.csproj", "{7C94D017-ABB9-4D83-A2A3-EB3B0F051A6B}"
EndProject
Project("{2150E333-8FDC-42A3-9474-1A3956D46DE8}") = "_SolutionItems", "_SolutionItems", "{F9CFF584-921E-4EE4-9DEB-47685A20D2CC}"
ProjectSection(SolutionItems) = preProject
	.gitignore = .gitignore
EndProjectSection
EndProject
Project("{2150E333-8FDC-42A3-9474-1A3956D46DE8}") = "Core", "Core", "{565A4D26-46AB-4D57-8190-9422239A775F}"
EndProject
Project("{2150E333-8FDC-42A3-9474-1A3956D46DE8}") = "Examples", "Examples", "{2D0423F5-C0AA-44DB-A202-19CD7D777E53}"
EndProject
Project("{2150E333-8FDC-42A3-9474-1A3956D46DE8}") = "Adaptors", "Adaptors", "{E1AC827A-6112-4DE5-A94F-26A6E3887089}"
EndProject
Project("{2150E333-8FDC-42A3-9474-1A3956D46DE8}") = "Autofac", "Autofac", "{7308E5BE-5047-4B37-9230-17FB47EA6154}"
EndProject
Project("{FAE04EC0-301F-11D3-BF4B-00C04F79EFBC}") = "SovitexLib.Internals", "SovitexLib.Internals\SovitexLib.Internals.csproj", "{B8B34F53-D108-476D-ADF9-635A78A2F5B9}"
EndProject
Project("{FAE04EC0-301F-11D3-BF4B-00C04F79EFBC}") = "ConsoleApp.HelloWorld", "ConsoleApp.HelloWorld\ConsoleApp.HelloWorld.csproj", "{A0814DF2-B4E5-40D6-9027-F73C14B51F4E}"
EndProject
Project("{FAE04EC0-301F-11D3-BF4B-00C04F79EFBC}") = "Sovitex.Internals.AutofacAdaptors", "Sovitex.Internals.AutofacAdaptors\Sovitex.Internals.AutofacAdaptors.csproj", "{64353F83-EAAB-4638-B84C-1DC96E803AB4}"
EndProject
Project("{FAE04EC0-301F-11D3-BF4B-00C04F79EFBC}") = "SovitexLib.TestUtils", "SovitexLib.TestUtils\SovitexLib.TestUtils.csproj", "{22819AD2-4D54-4249-8AA6-3E865AB9D793}"
EndProject
Project("{FAE04EC0-301F-11D3-BF4B-00C04F79EFBC}") = "SovitexLib.Core.Tests", "SovitexLib.Core.Tests\SovitexLib.Core.Tests.csproj", "{8160A25A-C1E7-4AF9-9CDD-F59781E53FE1}"
EndProject
Project("{2150E333-8FDC-42A3-9474-1A3956D46DE8}") = "ReferenceImplementations", "ReferenceImplementations", "{F824B84F-FC33-4588-86CC-ED4C7FC0F642}"
EndProject
Global
	GlobalSection(SolutionConfigurationPlatforms) = preSolution
		Debug|Any CPU = Debug|Any CPU
		Release|Any CPU = Release|Any CPU
	EndGlobalSection
	GlobalSection(ProjectConfigurationPlatforms) = postSolution
		{7C94D017-ABB9-4D83-A2A3-EB3B0F051A6B}.Debug|Any CPU.ActiveCfg = Debug|Any CPU
		{7C94D017-ABB9-4D83-A2A3-EB3B0F051A6B}.Debug|Any CPU.Build.0 = Debug|Any CPU
		{7C94D017-ABB9-4D83-A2A3-EB3B0F051A6B}.Release|Any CPU.ActiveCfg = Release|Any CPU
		{7C94D017-ABB9-4D83-A2A3-EB3B0F051A6B}.Release|Any CPU.Build.0 = Release|Any CPU
		{B8B34F53-D108-476D-ADF9-635A78A2F5B9}.Debug|Any CPU.ActiveCfg = Debug|Any CPU
		{B8B34F53-D108-476D-ADF9-635A78A2F5B9}.Debug|Any CPU.Build.0 = Debug|Any CPU
		{B8B34F53-D108-476D-ADF9-635A78A2F5B9}.Release|Any CPU.ActiveCfg = Release|Any CPU
		{B8B34F53-D108-476D-ADF9-635A78A2F5B9}.Release|Any CPU.Build.0 = Release|Any CPU
		{A0814DF2-B4E5-40D6-9027-F73C14B51F4E}.Debug|Any CPU.ActiveCfg = Debug|Any CPU
		{A0814DF2-B4E5-40D6-9027-F73C14B51F4E}.Debug|Any CPU.Build.0 = Debug|Any CPU
		{A0814DF2-B4E5-40D6-9027-F73C14B51F4E}.Release|Any CPU.ActiveCfg = Release|Any CPU
		{A0814DF2-B4E5-40D6-9027-F73C14B51F4E}.Release|Any CPU.Build.0 = Release|Any CPU
		{64353F83-EAAB-4638-B84C-1DC96E803AB4}.Debug|Any CPU.ActiveCfg = Debug|Any CPU
		{64353F83-EAAB-4638-B84C-1DC96E803AB4}.Debug|Any CPU.Build.0 = Debug|Any CPU
		{64353F83-EAAB-4638-B84C-1DC96E803AB4}.Release|Any CPU.ActiveCfg = Release|Any CPU
		{64353F83-EAAB-4638-B84C-1DC96E803AB4}.Release|Any CPU.Build.0 = Release|Any CPU
		{22819AD2-4D54-4249-8AA6-3E865AB9D793}.Debug|Any CPU.ActiveCfg = Debug|Any CPU
		{22819AD2-4D54-4249-8AA6-3E865AB9D793}.Debug|Any CPU.Build.0 = Debug|Any CPU
		{22819AD2-4D54-4249-8AA6-3E865AB9D793}.Release|Any CPU.ActiveCfg = Release|Any CPU
		{22819AD2-4D54-4249-8AA6-3E865AB9D793}.Release|Any CPU.Build.0 = Release|Any CPU
		{8160A25A-C1E7-4AF9-9CDD-F59781E53FE1}.Debug|Any CPU.ActiveCfg = Debug|Any CPU
		{8160A25A-C1E7-4AF9-9CDD-F59781E53FE1}.Debug|Any CPU.Build.0 = Debug|Any CPU
		{8160A25A-C1E7-4AF9-9CDD-F59781E53FE1}.Release|Any CPU.ActiveCfg = Release|Any CPU
		{8160A25A-C1E7-4AF9-9CDD-F59781E53FE1}.Release|Any CPU.Build.0 = Release|Any CPU
	EndGlobalSection
	GlobalSection(NestedProjects) = preSolution
		{7C94D017-ABB9-4D83-A2A3-EB3B0F051A6B} = {565A4D26-46AB-4D57-8190-9422239A775F}
		{7308E5BE-5047-4B37-9230-17FB47EA6154} = {E1AC827A-6112-4DE5-A94F-26A6E3887089}
		{B8B34F53-D108-476D-ADF9-635A78A2F5B9} = {565A4D26-46AB-4D57-8190-9422239A775F}
		{A0814DF2-B4E5-40D6-9027-F73C14B51F4E} = {2D0423F5-C0AA-44DB-A202-19CD7D777E53}
		{64353F83-EAAB-4638-B84C-1DC96E803AB4} = {7308E5BE-5047-4B37-9230-17FB47EA6154}
		{22819AD2-4D54-4249-8AA6-3E865AB9D793} = {565A4D26-46AB-4D57-8190-9422239A775F}
		{8160A25A-C1E7-4AF9-9CDD-F59781E53FE1} = {565A4D26-46AB-4D57-8190-9422239A775F}
	EndGlobalSection
EndGlobal
